
Microsoft Visual Studio Solution File, Format Version 12.00
# Visual Studio Version 16
VisualStudioVersion = 16.0.32901.82
MinimumVisualStudioVersion = 10.0.40219.1
Project("{FAE04EC0-301F-11D3-BF4B-00C04F79EFBC}") = "Amfibia", "Amfibia\Amfibia.csproj", "{5592B68F-3D9C-41F0-93F1-608598D2D18A}"
EndProject
Global
	GlobalSection(SolutionConfigurationPlatforms) = preSolution
		Debug|Any CPU = Debug|Any CPU
		Release|Any CPU = Release|Any CPU
	EndGlobalSection
	GlobalSection(ProjectConfigurationPlatforms) = postSolution
		{5592B68F-3D9C-41F0-93F1-608598D2D18A}.Debug|Any CPU.ActiveCfg = Debug|Any CPU
		{5592B68F-3D9C-41F0-93F1-608598D2D18A}.Debug|Any CPU.Build.0 = Debug|Any CPU
		{5592B68F-3D9C-41F0-93F1-608598D2D18A}.Release|Any CPU.ActiveCfg = Release|Any CPU
		{5592B68F-3D9C-41F0-93F1-608598D2D18A}.Release|Any CPU.Build.0 = Release|Any CPU
	EndGlobalSection
	GlobalSection(SolutionProperties) = preSolution
		HideSolutionNode = FALSE
	EndGlobalSection
	GlobalSection(ExtensibilityGlobals) = postSolution
		SolutionGuid = {A2ACC9D3-1A6B-4667-A0DF-B1C7B3D9FE16}
	EndGlobalSection
EndGlobal
